// !$*UTF8*$!
{
	archiveVersion = 1;
	classes = {
	};
	objectVersion = 50;
	objects = {

/* Begin PBXBuildFile section */
		9247FCD121F2FA0C00C9AA57 /* TLCWoCaoIM.framework in Frameworks */ = {isa = PBXBuildFile; fileRef = 9247FCC721F2FA0C00C9AA57 /* TLCWoCaoIM.framework */; };
		9247FCD621F2FA0C00C9AA57 /* TLCWoCaoIMTests.swift in Sources */ = {isa = PBXBuildFile; fileRef = 9247FCD521F2FA0C00C9AA57 /* TLCWoCaoIMTests.swift */; };
		9247FCD821F2FA0C00C9AA57 /* TLCWoCaoIM.h in Headers */ = {isa = PBXBuildFile; fileRef = 9247FCCA21F2FA0C00C9AA57 /* TLCWoCaoIM.h */; settings = {ATTRIBUTES = (Public, ); }; };
		9247FCE221F2FA2600C9AA57 /* TLCWoCaoClass.swift in Sources */ = {isa = PBXBuildFile; fileRef = 9247FCE121F2FA2600C9AA57 /* TLCWoCaoClass.swift */; };
		9247FCE321F2FAE300C9AA57 /* TLCWoCaoClass.swift in Headers */ = {isa = PBXBuildFile; fileRef = 9247FCE121F2FA2600C9AA57 /* TLCWoCaoClass.swift */; };
		C3DC9E22C45A7169BF843714 /* Pods_TLCWoCaoIMTests.framework in Frameworks */ = {isa = PBXBuildFile; fileRef = 6B20D2BD3721AD7AEB9C3F8B /* Pods_TLCWoCaoIMTests.framework */; };
		F5B2921C9C8749901FB2C7B1 /* Pods_TLCWoCaoIM.framework in Frameworks */ = {isa = PBXBuildFile; fileRef = 9E687B49044E72F8E9003EBF /* Pods_TLCWoCaoIM.framework */; };
/* End PBXBuildFile section */

/* Begin PBXContainerItemProxy section */
		9247FCD221F2FA0C00C9AA57 /* PBXContainerItemProxy */ = {
			isa = PBXContainerItemProxy;
			containerPortal = 9247FCBE21F2FA0C00C9AA57 /* Project object */;
			proxyType = 1;
			remoteGlobalIDString = 9247FCC621F2FA0C00C9AA57;
			remoteInfo = TLCWoCaoIM;
		};
/* End PBXContainerItemProxy section */

/* Begin PBXFileReference section */
		0A7DB88BB07ADC543AE78BC1 /* Pods-TLCWoCaoIM.release.xcconfig */ = {isa = PBXFileReference; includeInIndex = 1; lastKnownFileType = text.xcconfig; name = "Pods-TLCWoCaoIM.release.xcconfig"; path = "Pods/Target Support Files/Pods-TLCWoCaoIM/Pods-TLCWoCaoIM.release.xcconfig"; sourceTree = "<group>"; };
		6B20D2BD3721AD7AEB9C3F8B /* Pods_TLCWoCaoIMTests.framework */ = {isa = PBXFileReference; explicitFileType = wrapper.framework; includeInIndex = 0; path = Pods_TLCWoCaoIMTests.framework; sourceTree = BUILT_PRODUCTS_DIR; };
		7924EE05AE81F1E9E7DC5B8B /* Pods-TLCWoCaoIMTests.debug.xcconfig */ = {isa = PBXFileReference; includeInIndex = 1; lastKnownFileType = text.xcconfig; name = "Pods-TLCWoCaoIMTests.debug.xcconfig"; path = "Pods/Target Support Files/Pods-TLCWoCaoIMTests/Pods-TLCWoCaoIMTests.debug.xcconfig"; sourceTree = "<group>"; };
		9247FCC721F2FA0C00C9AA57 /* TLCWoCaoIM.framework */ = {isa = PBXFileReference; explicitFileType = wrapper.framework; includeInIndex = 0; path = TLCWoCaoIM.framework; sourceTree = BUILT_PRODUCTS_DIR; };
		9247FCCA21F2FA0C00C9AA57 /* TLCWoCaoIM.h */ = {isa = PBXFileReference; lastKnownFileType = sourcecode.c.h; path = TLCWoCaoIM.h; sourceTree = "<group>"; };
		9247FCCB21F2FA0C00C9AA57 /* Info.plist */ = {isa = PBXFileReference; lastKnownFileType = text.plist.xml; path = Info.plist; sourceTree = "<group>"; };
		9247FCD021F2FA0C00C9AA57 /* TLCWoCaoIMTests.xctest */ = {isa = PBXFileReference; explicitFileType = wrapper.cfbundle; includeInIndex = 0; path = TLCWoCaoIMTests.xctest; sourceTree = BUILT_PRODUCTS_DIR; };
		9247FCD521F2FA0C00C9AA57 /* TLCWoCaoIMTests.swift */ = {isa = PBXFileReference; lastKnownFileType = sourcecode.swift; path = TLCWoCaoIMTests.swift; sourceTree = "<group>"; };
		9247FCD721F2FA0C00C9AA57 /* Info.plist */ = {isa = PBXFileReference; lastKnownFileType = text.plist.xml; path = Info.plist; sourceTree = "<group>"; };
		9247FCE121F2FA2600C9AA57 /* TLCWoCaoClass.swift */ = {isa = PBXFileReference; lastKnownFileType = sourcecode.swift; path = TLCWoCaoClass.swift; sourceTree = "<group>"; };
		9E687B49044E72F8E9003EBF /* Pods_TLCWoCaoIM.framework */ = {isa = PBXFileReference; explicitFileType = wrapper.framework; includeInIndex = 0; path = Pods_TLCWoCaoIM.framework; sourceTree = BUILT_PRODUCTS_DIR; };
		A9533615B638CB9143A6D85F /* Pods-TLCWoCaoIM.debug.xcconfig */ = {isa = PBXFileReference; includeInIndex = 1; lastKnownFileType = text.xcconfig; name = "Pods-TLCWoCaoIM.debug.xcconfig"; path = "Pods/Target Support Files/Pods-TLCWoCaoIM/Pods-TLCWoCaoIM.debug.xcconfig"; sourceTree = "<group>"; };
		C5AEBBF62D594FA2CE128C33 /* Pods-TLCWoCaoIMTests.release.xcconfig */ = {isa = PBXFileReference; includeInIndex = 1; lastKnownFileType = text.xcconfig; name = "Pods-TLCWoCaoIMTests.release.xcconfig"; path = "Pods/Target Support Files/Pods-TLCWoCaoIMTests/Pods-TLCWoCaoIMTests.release.xcconfig"; sourceTree = "<group>"; };
/* End PBXFileReference section */

/* Begin PBXFrameworksBuildPhase section */
		9247FCC421F2FA0C00C9AA57 /* Frameworks */ = {
			isa = PBXFrameworksBuildPhase;
			buildActionMask = 2147483647;
			files = (
				F5B2921C9C8749901FB2C7B1 /* Pods_TLCWoCaoIM.framework in Frameworks */,
			);
			runOnlyForDeploymentPostprocessing = 0;
		};
		9247FCCD21F2FA0C00C9AA57 /* Frameworks */ = {
			isa = PBXFrameworksBuildPhase;
			buildActionMask = 2147483647;
			files = (
				9247FCD121F2FA0C00C9AA57 /* TLCWoCaoIM.framework in Frameworks */,
				C3DC9E22C45A7169BF843714 /* Pods_TLCWoCaoIMTests.framework in Frameworks */,
			);
			runOnlyForDeploymentPostprocessing = 0;
		};
/* End PBXFrameworksBuildPhase section */

/* Begin PBXGroup section */
		44304E11472398CA1655C2F3 /* Frameworks */ = {
			isa = PBXGroup;
			children = (
				9E687B49044E72F8E9003EBF /* Pods_TLCWoCaoIM.framework */,
				6B20D2BD3721AD7AEB9C3F8B /* Pods_TLCWoCaoIMTests.framework */,
			);
			name = Frameworks;
			sourceTree = "<group>";
		};
		743409CB768BC3F0C2250EE1 /* Pods */ = {
			isa = PBXGroup;
			children = (
				A9533615B638CB9143A6D85F /* Pods-TLCWoCaoIM.debug.xcconfig */,
				0A7DB88BB07ADC543AE78BC1 /* Pods-TLCWoCaoIM.release.xcconfig */,
				7924EE05AE81F1E9E7DC5B8B /* Pods-TLCWoCaoIMTests.debug.xcconfig */,
				C5AEBBF62D594FA2CE128C33 /* Pods-TLCWoCaoIMTests.release.xcconfig */,
			);
			name = Pods;
			sourceTree = "<group>";
		};
		9247FCBD21F2FA0C00C9AA57 = {
			isa = PBXGroup;
			children = (
				9247FCC921F2FA0C00C9AA57 /* TLCWoCaoIM */,
				9247FCD421F2FA0C00C9AA57 /* TLCWoCaoIMTests */,
				9247FCC821F2FA0C00C9AA57 /* Products */,
				743409CB768BC3F0C2250EE1 /* Pods */,
				44304E11472398CA1655C2F3 /* Frameworks */,
			);
			sourceTree = "<group>";
		};
		9247FCC821F2FA0C00C9AA57 /* Products */ = {
			isa = PBXGroup;
			children = (
				9247FCC721F2FA0C00C9AA57 /* TLCWoCaoIM.framework */,
				9247FCD021F2FA0C00C9AA57 /* TLCWoCaoIMTests.xctest */,
			);
			name = Products;
			sourceTree = "<group>";
		};
		9247FCC921F2FA0C00C9AA57 /* TLCWoCaoIM */ = {
			isa = PBXGroup;
			children = (
				9247FCCA21F2FA0C00C9AA57 /* TLCWoCaoIM.h */,
				9247FCCB21F2FA0C00C9AA57 /* Info.plist */,
				9247FCE121F2FA2600C9AA57 /* TLCWoCaoClass.swift */,
			);
			path = TLCWoCaoIM;
			sourceTree = "<group>";
		};
		9247FCD421F2FA0C00C9AA57 /* TLCWoCaoIMTests */ = {
			isa = PBXGroup;
			children = (
				9247FCD521F2FA0C00C9AA57 /* TLCWoCaoIMTests.swift */,
				9247FCD721F2FA0C00C9AA57 /* Info.plist */,
			);
			path = TLCWoCaoIMTests;
			sourceTree = "<group>";
		};
/* End PBXGroup section */

/* Begin PBXHeadersBuildPhase section */
		9247FCC221F2FA0C00C9AA57 /* Headers */ = {
			isa = PBXHeadersBuildPhase;
			buildActionMask = 2147483647;
			files = (
				9247FCD821F2FA0C00C9AA57 /* TLCWoCaoIM.h in Headers */,
				9247FCE321F2FAE300C9AA57 /* TLCWoCaoClass.swift in Headers */,
			);
			runOnlyForDeploymentPostprocessing = 0;
		};
/* End PBXHeadersBuildPhase section */

/* Begin PBXNativeTarget section */
		9247FCC621F2FA0C00C9AA57 /* TLCWoCaoIM */ = {
			isa = PBXNativeTarget;
			buildConfigurationList = 9247FCDB21F2FA0C00C9AA57 /* Build configuration list for PBXNativeTarget "TLCWoCaoIM" */;
			buildPhases = (
				EDE0A63F6E352B66A61BB720 /* [CP] Check Pods Manifest.lock */,
				9247FCC221F2FA0C00C9AA57 /* Headers */,
				9247FCC321F2FA0C00C9AA57 /* Sources */,
				9247FCC421F2FA0C00C9AA57 /* Frameworks */,
				9247FCC521F2FA0C00C9AA57 /* Resources */,
			);
			buildRules = (
			);
			dependencies = (
			);
			name = TLCWoCaoIM;
			productName = TLCWoCaoIM;
			productReference = 9247FCC721F2FA0C00C9AA57 /* TLCWoCaoIM.framework */;
			productType = "com.apple.product-type.framework";
		};
		9247FCCF21F2FA0C00C9AA57 /* TLCWoCaoIMTests */ = {
			isa = PBXNativeTarget;
			buildConfigurationList = 9247FCDE21F2FA0C00C9AA57 /* Build configuration list for PBXNativeTarget "TLCWoCaoIMTests" */;
			buildPhases = (
				53D9152499D9DC8D4F3DF93D /* [CP] Check Pods Manifest.lock */,
				9247FCCC21F2FA0C00C9AA57 /* Sources */,
				9247FCCD21F2FA0C00C9AA57 /* Frameworks */,
				9247FCCE21F2FA0C00C9AA57 /* Resources */,
				F19C8DA37E97A2188A7D8D27 /* [CP] Embed Pods Frameworks */,
			);
			buildRules = (
			);
			dependencies = (
				9247FCD321F2FA0C00C9AA57 /* PBXTargetDependency */,
			);
			name = TLCWoCaoIMTests;
			productName = TLCWoCaoIMTests;
			productReference = 9247FCD021F2FA0C00C9AA57 /* TLCWoCaoIMTests.xctest */;
			productType = "com.apple.product-type.bundle.unit-test";
		};
/* End PBXNativeTarget section */

/* Begin PBXProject section */
		9247FCBE21F2FA0C00C9AA57 /* Project object */ = {
			isa = PBXProject;
			attributes = {
				LastSwiftUpdateCheck = 1010;
				LastUpgradeCheck = 1010;
				ORGANIZATIONNAME = tianlc;
				TargetAttributes = {
					9247FCC621F2FA0C00C9AA57 = {
						CreatedOnToolsVersion = 10.1;
						LastSwiftMigration = 1010;
					};
					9247FCCF21F2FA0C00C9AA57 = {
						CreatedOnToolsVersion = 10.1;
					};
				};
			};
			buildConfigurationList = 9247FCC121F2FA0C00C9AA57 /* Build configuration list for PBXProject "TLCWoCaoIM" */;
			compatibilityVersion = "Xcode 9.3";
			developmentRegion = en;
			hasScannedForEncodings = 0;
			knownRegions = (
				en,
			);
			mainGroup = 9247FCBD21F2FA0C00C9AA57;
			productRefGroup = 9247FCC821F2FA0C00C9AA57 /* Products */;
			projectDirPath = "";
			projectRoot = "";
			targets = (
				9247FCC621F2FA0C00C9AA57 /* TLCWoCaoIM */,
				9247FCCF21F2FA0C00C9AA57 /* TLCWoCaoIMTests */,
			);
		};
/* End PBXProject section */

/* Begin PBXResourcesBuildPhase section */
		9247FCC521F2FA0C00C9AA57 /* Resources */ = {
			isa = PBXResourcesBuildPhase;
			buildActionMask = 2147483647;
			files = (
			);
			runOnlyForDeploymentPostprocessing = 0;
		};
		9247FCCE21F2FA0C00C9AA57 /* Resources */ = {
			isa = PBXResourcesBuildPhase;
			buildActionMask = 2147483647;
			files = (
			);
			runOnlyForDeploymentPostprocessing = 0;
		};
/* End PBXResourcesBuildPhase section */

/* Begin PBXShellScriptBuildPhase section */
		53D9152499D9DC8D4F3DF93D /* [CP] Check Pods Manifest.lock */ = {
			isa = PBXShellScriptBuildPhase;
			buildActionMask = 2147483647;
			files = (
			);
			inputFileListPaths = (
			);
			inputPaths = (
				"${PODS_PODFILE_DIR_PATH}/Podfile.lock",
				"${PODS_ROOT}/Manifest.lock",
			);
			name = "[CP] Check Pods Manifest.lock";
			outputFileListPaths = (
			);
			outputPaths = (
				"$(DERIVED_FILE_DIR)/Pods-TLCWoCaoIMTests-checkManifestLockResult.txt",
			);
			runOnlyForDeploymentPostprocessing = 0;
			shellPath = /bin/sh;
			shellScript = "diff \"${PODS_PODFILE_DIR_PATH}/Podfile.lock\" \"${PODS_ROOT}/Manifest.lock\" > /dev/null\nif [ $? != 0 ] ; then\n    # print error to STDERR\n    echo \"error: The sandbox is not in sync with the Podfile.lock. Run 'pod install' or update your CocoaPods installation.\" >&2\n    exit 1\nfi\n# This output is used by Xcode 'outputs' to avoid re-running this script phase.\necho \"SUCCESS\" > \"${SCRIPT_OUTPUT_FILE_0}\"\n";
			showEnvVarsInLog = 0;
		};
		EDE0A63F6E352B66A61BB720 /* [CP] Check Pods Manifest.lock */ = {
			isa = PBXShellScriptBuildPhase;
			buildActionMask = 2147483647;
			files = (
			);
			inputFileListPaths = (
			);
			inputPaths = (
				"${PODS_PODFILE_DIR_PATH}/Podfile.lock",
				"${PODS_ROOT}/Manifest.lock",
			);
			name = "[CP] Check Pods Manifest.lock";
			outputFileListPaths = (
			);
			outputPaths = (
				"$(DERIVED_FILE_DIR)/Pods-TLCWoCaoIM-checkManifestLockResult.txt",
			);
			runOnlyForDeploymentPostprocessing = 0;
			shellPath = /bin/sh;
			shellScript = "diff \"${PODS_PODFILE_DIR_PATH}/Podfile.lock\" \"${PODS_ROOT}/Manifest.lock\" > /dev/null\nif [ $? != 0 ] ; then\n    # print error to STDERR\n    echo \"error: The sandbox is not in sync with the Podfile.lock. Run 'pod install' or update your CocoaPods installation.\" >&2\n    exit 1\nfi\n# This output is used by Xcode 'outputs' to avoid re-running this script phase.\necho \"SUCCESS\" > \"${SCRIPT_OUTPUT_FILE_0}\"\n";
			showEnvVarsInLog = 0;
		};
		F19C8DA37E97A2188A7D8D27 /* [CP] Embed Pods Frameworks */ = {
			isa = PBXShellScriptBuildPhase;
			buildActionMask = 2147483647;
			files = (
			);
			inputFileListPaths = (
			);
			inputPaths = (
				"${SRCROOT}/Pods/Target Support Files/Pods-TLCWoCaoIMTests/Pods-TLCWoCaoIMTests-frameworks.sh",
				"${BUILT_PRODUCTS_DIR}/Alamofire/Alamofire.framework",
			);
			name = "[CP] Embed Pods Frameworks";
			outputFileListPaths = (
			);
			outputPaths = (
				"${TARGET_BUILD_DIR}/${FRAMEWORKS_FOLDER_PATH}/Alamofire.framework",
			);
			runOnlyForDeploymentPostprocessing = 0;
			shellPath = /bin/sh;
			shellScript = "\"${SRCROOT}/Pods/Target Support Files/Pods-TLCWoCaoIMTests/Pods-TLCWoCaoIMTests-frameworks.sh\"\n";
			showEnvVarsInLog = 0;
		};
/* End PBXShellScriptBuildPhase section */

/* Begin PBXSourcesBuildPhase section */
		9247FCC321F2FA0C00C9AA57 /* Sources */ = {
			isa = PBXSourcesBuildPhase;
			buildActionMask = 2147483647;
			files = (
				9247FCE221F2FA2600C9AA57 /* TLCWoCaoClass.swift in Sources */,
			);
			runOnlyForDeploymentPostprocessing = 0;
		};
		9247FCCC21F2FA0C00C9AA57 /* Sources */ = {
			isa = PBXSourcesBuildPhase;
			buildActionMask = 2147483647;
			files = (
				9247FCD621F2FA0C00C9AA57 /* TLCWoCaoIMTests.swift in Sources */,
			);
			runOnlyForDeploymentPostprocessing = 0;
		};
/* End PBXSourcesBuildPhase section */

/* Begin PBXTargetDependency section */
		9247FCD321F2FA0C00C9AA57 /* PBXTargetDependency */ = {
			isa = PBXTargetDependency;
			target = 9247FCC621F2FA0C00C9AA57 /* TLCWoCaoIM */;
			targetProxy = 9247FCD221F2FA0C00C9AA57 /* PBXContainerItemProxy */;
		};
/* End PBXTargetDependency section */

/* Begin XCBuildConfiguration section */
		9247FCD921F2FA0C00C9AA57 /* Debug */ = {
			isa = XCBuildConfiguration;
			buildSettings = {
				ALWAYS_SEARCH_USER_PATHS = NO;
				CLANG_ANALYZER_NONNULL = YES;
				CLANG_ANALYZER_NUMBER_OBJECT_CONVERSION = YES_AGGRESSIVE;
				CLANG_CXX_LANGUAGE_STANDARD = "gnu++14";
				CLANG_CXX_LIBRARY = "libc++";
				CLANG_ENABLE_MODULES = YES;
				CLANG_ENABLE_OBJC_ARC = YES;
				CLANG_ENABLE_OBJC_WEAK = YES;
				CLANG_WARN_BLOCK_CAPTURE_AUTORELEASING = YES;
				CLANG_WARN_BOOL_CONVERSION = YES;
				CLANG_WARN_COMMA = YES;
				CLANG_WARN_CONSTANT_CONVERSION = YES;
				CLANG_WARN_DEPRECATED_OBJC_IMPLEMENTATIONS = YES;
				CLANG_WARN_DIRECT_OBJC_ISA_USAGE = YES_ERROR;
				CLANG_WARN_DOCUMENTATION_COMMENTS = YES;
				CLANG_WARN_EMPTY_BODY = YES;
				CLANG_WARN_ENUM_CONVERSION = YES;
				CLANG_WARN_INFINITE_RECURSION = YES;
				CLANG_WARN_INT_CONVERSION = YES;
				CLANG_WARN_NON_LITERAL_NULL_CONVERSION = YES;
				CLANG_WARN_OBJC_IMPLICIT_RETAIN_SELF = YES;
				CLANG_WARN_OBJC_LITERAL_CONVERSION = YES;
				CLANG_WARN_OBJC_ROOT_CLASS = YES_ERROR;
				CLANG_WARN_RANGE_LOOP_ANALYSIS = YES;
				CLANG_WARN_STRICT_PROTOTYPES = YES;
				CLANG_WARN_SUSPICIOUS_MOVE = YES;
				CLANG_WARN_UNGUARDED_AVAILABILITY = YES_AGGRESSIVE;
				CLANG_WARN_UNREACHABLE_CODE = YES;
				CLANG_WARN__DUPLICATE_METHOD_MATCH = YES;
				CODE_SIGN_IDENTITY = "iPhone Developer";
				COPY_PHASE_STRIP = NO;
				CURRENT_PROJECT_VERSION = 1;
				DEBUG_INFORMATION_FORMAT = dwarf;
				ENABLE_STRICT_OBJC_MSGSEND = YES;
				ENABLE_TESTABILITY = YES;
				GCC_C_LANGUAGE_STANDARD = gnu11;
				GCC_DYNAMIC_NO_PIC = NO;
				GCC_NO_COMMON_BLOCKS = YES;
				GCC_OPTIMIZATION_LEVEL = 0;
				GCC_PREPROCESSOR_DEFINITIONS = (
					"DEBUG=1",
					"$(inherited)",
				);
				GCC_WARN_64_TO_32_BIT_CONVERSION = YES;
				GCC_WARN_ABOUT_RETURN_TYPE = YES_ERROR;
				GCC_WARN_UNDECLARED_SELECTOR = YES;
				GCC_WARN_UNINITIALIZED_AUTOS = YES_AGGRESSIVE;
				GCC_WARN_UNUSED_FUNCTION = YES;
				GCC_WARN_UNUSED_VARIABLE = YES;
				IPHONEOS_DEPLOYMENT_TARGET = 12.1;
				MTL_ENABLE_DEBUG_INFO = INCLUDE_SOURCE;
				MTL_FAST_MATH = YES;
				ONLY_ACTIVE_ARCH = YES;
				SDKROOT = iphoneos;
				SWIFT_ACTIVE_COMPILATION_CONDITIONS = DEBUG;
				SWIFT_OPTIMIZATION_LEVEL = "-Onone";
				VERSIONING_SYSTEM = "apple-generic";
				VERSION_INFO_PREFIX = "";
			};
			name = Debug;
		};
		9247FCDA21F2FA0C00C9AA57 /* Release */ = {
			isa = XCBuildConfiguration;
			buildSettings = {
				ALWAYS_SEARCH_USER_PATHS = NO;
				CLANG_ANALYZER_NONNULL = YES;
				CLANG_ANALYZER_NUMBER_OBJECT_CONVERSION = YES_AGGRESSIVE;
				CLANG_CXX_LANGUAGE_STANDARD = "gnu++14";
				CLANG_CXX_LIBRARY = "libc++";
				CLANG_ENABLE_MODULES = YES;
				CLANG_ENABLE_OBJC_ARC = YES;
				CLANG_ENABLE_OBJC_WEAK = YES;
				CLANG_WARN_BLOCK_CAPTURE_AUTORELEASING = YES;
				CLANG_WARN_BOOL_CONVERSION = YES;
				CLANG_WARN_COMMA = YES;
				CLANG_WARN_CONSTANT_CONVERSION = YES;
				CLANG_WARN_DEPRECATED_OBJC_IMPLEMENTATIONS = YES;
				CLANG_WARN_DIRECT_OBJC_ISA_USAGE = YES_ERROR;
				CLANG_WARN_DOCUMENTATION_COMMENTS = YES;
				CLANG_WARN_EMPTY_BODY = YES;
				CLANG_WARN_ENUM_CONVERSION = YES;
				CLANG_WARN_INFINITE_RECURSION = YES;
				CLANG_WARN_INT_CONVERSION = YES;
				CLANG_WARN_NON_LITERAL_NULL_CONVERSION = YES;
				CLANG_WARN_OBJC_IMPLICIT_RETAIN_SELF = YES;
				CLANG_WARN_OBJC_LITERAL_CONVERSION = YES;
				CLANG_WARN_OBJC_ROOT_CLASS = YES_ERROR;
				CLANG_WARN_RANGE_LOOP_ANALYSIS = YES;
				CLANG_WARN_STRICT_PROTOTYPES = YES;
				CLANG_WARN_SUSPICIOUS_MOVE = YES;
				CLANG_WARN_UNGUARDED_AVAILABILITY = YES_AGGRESSIVE;
				CLANG_WARN_UNREACHABLE_CODE = YES;
				CLANG_WARN__DUPLICATE_METHOD_MATCH = YES;
				CODE_SIGN_IDENTITY = "iPhone Developer";
				COPY_PHASE_STRIP = NO;
				CURRENT_PROJECT_VERSION = 1;
				DEBUG_INFORMATION_FORMAT = "dwarf-with-dsym";
				ENABLE_NS_ASSERTIONS = NO;
				ENABLE_STRICT_OBJC_MSGSEND = YES;
				GCC_C_LANGUAGE_STANDARD = gnu11;
				GCC_NO_COMMON_BLOCKS = YES;
				GCC_WARN_64_TO_32_BIT_CONVERSION = YES;
				GCC_WARN_ABOUT_RETURN_TYPE = YES_ERROR;
				GCC_WARN_UNDECLARED_SELECTOR = YES;
				GCC_WARN_UNINITIALIZED_AUTOS = YES_AGGRESSIVE;
				GCC_WARN_UNUSED_FUNCTION = YES;
				GCC_WARN_UNUSED_VARIABLE = YES;
				IPHONEOS_DEPLOYMENT_TARGET = 12.1;
				MTL_ENABLE_DEBUG_INFO = NO;
				MTL_FAST_MATH = YES;
				SDKROOT = iphoneos;
				SWIFT_COMPILATION_MODE = wholemodule;
				SWIFT_OPTIMIZATION_LEVEL = "-O";
				VALIDATE_PRODUCT = YES;
				VERSIONING_SYSTEM = "apple-generic";
				VERSION_INFO_PREFIX = "";
			};
			name = Release;
		};
		9247FCDC21F2FA0C00C9AA57 /* Debug */ = {
			isa = XCBuildConfiguration;
			baseConfigurationReference = A9533615B638CB9143A6D85F /* Pods-TLCWoCaoIM.debug.xcconfig */;
			buildSettings = {
				CLANG_ENABLE_MODULES = YES;
				CODE_SIGN_IDENTITY = "";
				CODE_SIGN_STYLE = Automatic;
				DEFINES_MODULE = YES;
				DYLIB_COMPATIBILITY_VERSION = 1;
				DYLIB_CURRENT_VERSION = 1;
				DYLIB_INSTALL_NAME_BASE = "@rpath";
				INFOPLIST_FILE = TLCWoCaoIM/Info.plist;
				INSTALL_PATH = "$(LOCAL_LIBRARY_DIR)/Frameworks";
				LD_RUNPATH_SEARCH_PATHS = (
					"$(inherited)",
					"@executable_path/Frameworks",
					"@loader_path/Frameworks",
				);
				PRODUCT_BUNDLE_IDENTIFIER = cc.lxo.TLCWoCaoIM;
				PRODUCT_NAME = "$(TARGET_NAME:c99extidentifier)";
				SKIP_INSTALL = YES;
				SWIFT_OPTIMIZATION_LEVEL = "-Onone";
				SWIFT_VERSION = 4.2;
				TARGETED_DEVICE_FAMILY = "1,2";
			};
			name = Debug;
		};
		9247FCDD21F2FA0C00C9AA57 /* Release */ = {
			isa = XCBuildConfiguration;
			baseConfigurationReference = 0A7DB88BB07ADC543AE78BC1 /* Pods-TLCWoCaoIM.release.xcconfig */;
			buildSettings = {
				CLANG_ENABLE_MODULES = YES;
				CODE_SIGN_IDENTITY = "";
				CODE_SIGN_STYLE = Automatic;
				DEFINES_MODULE = YES;
				DYLIB_COMPATIBILITY_VERSION = 1;
				DYLIB_CURRENT_VERSION = 1;
				DYLIB_INSTALL_NAME_BASE = "@rpath";
				INFOPLIST_FILE = TLCWoCaoIM/Info.plist;
				INSTALL_PATH = "$(LOCAL_LIBRARY_DIR)/Frameworks";
				LD_RUNPATH_SEARCH_PATHS = (
					"$(inherited)",
					"@executable_path/Frameworks",
					"@loader_path/Frameworks",
				);
				PRODUCT_BUNDLE_IDENTIFIER = cc.lxo.TLCWoCaoIM;
				PRODUCT_NAME = "$(TARGET_NAME:c99extidentifier)";
				SKIP_INSTALL = YES;
				SWIFT_VERSION = 4.2;
				TARGETED_DEVICE_FAMILY = "1,2";
			};
			name = Release;
		};
		9247FCDF21F2FA0C00C9AA57 /* Debug */ = {
			isa = XCBuildConfiguration;
			baseConfigurationReference = 7924EE05AE81F1E9E7DC5B8B /* Pods-TLCWoCaoIMTests.debug.xcconfig */;
			buildSettings = {
				ALWAYS_EMBED_SWIFT_STANDARD_LIBRARIES = YES;
				CODE_SIGN_STYLE = Automatic;
				INFOPLIST_FILE = TLCWoCaoIMTests/Info.plist;
				LD_RUNPATH_SEARCH_PATHS = (
					"$(inherited)",
					"@executable_path/Frameworks",
					"@loader_path/Frameworks",
				);
				PRODUCT_BUNDLE_IDENTIFIER = cc.lxo.TLCWoCaoIMTests;
				PRODUCT_NAME = "$(TARGET_NAME)";
				SWIFT_VERSION = 4.2;
				TARGETED_DEVICE_FAMILY = "1,2";
			};
			name = Debug;
		};
		9247FCE021F2FA0C00C9AA57 /* Release */ = {
			isa = XCBuildConfiguration;
			baseConfigurationReference = C5AEBBF62D594FA2CE128C33 /* Pods-TLCWoCaoIMTests.release.xcconfig */;
			buildSettings = {
				ALWAYS_EMBED_SWIFT_STANDARD_LIBRARIES = YES;
				CODE_SIGN_STYLE = Automatic;
				INFOPLIST_FILE = TLCWoCaoIMTests/Info.plist;
				LD_RUNPATH_SEARCH_PATHS = (
					"$(inherited)",
					"@executable_path/Frameworks",
					"@loader_path/Frameworks",
				);
				PRODUCT_BUNDLE_IDENTIFIER = cc.lxo.TLCWoCaoIMTests;
				PRODUCT_NAME = "$(TARGET_NAME)";
				SWIFT_VERSION = 4.2;
				TARGETED_DEVICE_FAMILY = "1,2";
			};
			name = Release;
		};
/* End XCBuildConfiguration section */

/* Begin XCConfigurationList section */
		9247FCC121F2FA0C00C9AA57 /* Build configuration list for PBXProject "TLCWoCaoIM" */ = {
			isa = XCConfigurationList;
			buildConfigurations = (
				9247FCD921F2FA0C00C9AA57 /* Debug */,
				9247FCDA21F2FA0C00C9AA57 /* Release */,
			);
			defaultConfigurationIsVisible = 0;
			defaultConfigurationName = Release;
		};
		9247FCDB21F2FA0C00C9AA57 /* Build configuration list for PBXNativeTarget "TLCWoCaoIM" */ = {
			isa = XCConfigurationList;
			buildConfigurations = (
				9247FCDC21F2FA0C00C9AA57 /* Debug */,
				9247FCDD21F2FA0C00C9AA57 /* Release */,
			);
			defaultConfigurationIsVisible = 0;
			defaultConfigurationName = Release;
		};
		9247FCDE21F2FA0C00C9AA57 /* Build configuration list for PBXNativeTarget "TLCWoCaoIMTests" */ = {
			isa = XCConfigurationList;
			buildConfigurations = (
				9247FCDF21F2FA0C00C9AA57 /* Debug */,
				9247FCE021F2FA0C00C9AA57 /* Release */,
			);
			defaultConfigurationIsVisible = 0;
			defaultConfigurationName = Release;
		};
/* End XCConfigurationList section */
	};
	rootObject = 9247FCBE21F2FA0C00C9AA57 /* Project object */;
}
